{
	"name": "DiscussionBot",
	"lockfileVersion": 3,
	"requires": true,
	"packages": {
		"": {
			"devDependencies": {
				"@edge-runtime/primitives": "latest",
				"@edge-runtime/types": "latest",
				"typescript": "latest"
			}
		},
		"node_modules/@edge-runtime/primitives": {
			"version": "6.0.0",
			"resolved": "https://registry.npmjs.org/@edge-runtime/primitives/-/primitives-6.0.0.tgz",
			"integrity": "sha512-FqoxaBT+prPBHBwE1WXS1ocnu/VLTQyZ6NMUBAdbP7N2hsFTTxMC/jMu2D/8GAlMQfxeuppcPuCUk/HO3fpIvA==",
			"dev": true,
			"license": "MIT",
			"engines": {
				"node": ">=18"
			}
		},
		"node_modules/@edge-runtime/types": {
			"version": "4.0.0",
			"resolved": "https://registry.npmjs.org/@edge-runtime/types/-/types-4.0.0.tgz",
			"integrity": "sha512-6HiX1oSir5R+X74IzM08fCQkR5mTcOxgfFVdn335jz/CckIHVFphh7hNkIcI+XsMYhAfWOJ5b8TfBU/Hbx1EIQ==",
			"dev": true,
			"license": "MIT",
			"dependencies": {
				"@edge-runtime/primitives": "6.0.0"
			},
			"engines": {
				"node": ">=18"
			}
		},
		"node_modules/typescript": {
			"version": "5.7.3",
			"resolved": "https://registry.npmjs.org/typescript/-/typescript-5.7.3.tgz",
			"integrity": "sha512-84MVSjMEHP+FQRPy3pX9sTVV/INIex71s9TL2Gm5FG/WG1SqXeKyZ0k7/blY/4FdOzI12CBy1vGc4og/eus0fw==",
			"dev": true,
			"license": "Apache-2.0",
			"bin": {
				"tsc": "bin/tsc",
				"tsserver": "bin/tsserver"
			},
			"engines": {
				"node": ">=14.17"
			}
		}
	}
}
